
Microsoft Visual Studio Solution File, Format Version 12.00
# Visual Studio Version 17
VisualStudioVersion = 17.5.002.0
MinimumVisualStudioVersion = 10.0.40219.1
Project("{9A19103F-16F7-4668-BE54-9A1E7A4F7556}") = "ContactApi", "ContactApi.csproj", "{08AAE395-ECC5-4417-91E5-E2B5BDA7864E}"
EndProject
Global
	GlobalSection(SolutionConfigurationPlatforms) = preSolution
		Debug|Any CPU = Debug|Any CPU
		Release|Any CPU = Release|Any CPU
	EndGlobalSection
	GlobalSection(ProjectConfigurationPlatforms) = postSolution
		{08AAE395-ECC5-4417-91E5-E2B5BDA7864E}.Debug|Any CPU.ActiveCfg = Debug|Any CPU
		{08AAE395-ECC5-4417-91E5-E2B5BDA7864E}.Debug|Any CPU.Build.0 = Debug|Any CPU
		{08AAE395-ECC5-4417-91E5-E2B5BDA7864E}.Release|Any CPU.ActiveCfg = Release|Any CPU
		{08AAE395-ECC5-4417-91E5-E2B5BDA7864E}.Release|Any CPU.Build.0 = Release|Any CPU
	EndGlobalSection
	GlobalSection(SolutionProperties) = preSolution
		HideSolutionNode = FALSE
	EndGlobalSection
	GlobalSection(ExtensibilityGlobals) = postSolution
		SolutionGuid = {603144F6-06BB-4F8E-9ACA-11A9314FD156}
	EndGlobalSection
EndGlobal
